
Microsoft Visual Studio Solution File, Format Version 12.00
# Visual Studio 2013
VisualStudioVersion = 12.0.30110.0
MinimumVisualStudioVersion = 10.0.40219.1
Project("{2150E333-8FDC-42A3-9474-1A3956D46DE8}") = "Web", "Web", "{93034417-0AAA-4E72-84EA-767DB4EF5283}"
EndProject
Project("{2150E333-8FDC-42A3-9474-1A3956D46DE8}") = "Workers", "Workers", "{BCDBCB6C-55D6-40E7-83FB-9A678E203A9E}"
EndProject
Project("{2150E333-8FDC-42A3-9474-1A3956D46DE8}") = "Tests", "Tests", "{9DAC057C-7607-48F0-B961-70BAAF4C368A}"
EndProject
Project("{2150E333-8FDC-42A3-9474-1A3956D46DE8}") = "Documentation", "Documentation", "{E2BF8DA5-DB42-4B88-B202-B60D7EE4A712}"
	ProjectSection(SolutionItems) = preProject
		Documentation\How to add new administration.txt = Documentation\How to add new administration.txt
	EndProjectSection
EndProject
Project("{2150E333-8FDC-42A3-9474-1A3956D46DE8}") = "Data", "Data", "{699277CE-89E7-4F00-A8BF-96A8450529E9}"
EndProject
Project("{FAE04EC0-301F-11D3-BF4B-00C04F79EFBC}") = "OJS.Data.Models", "Data\OJS.Data.Models\OJS.Data.Models.csproj", "{341CA732-D483-4487-923E-27ED2A6E9A4F}"
EndProject
Project("{FAE04EC0-301F-11D3-BF4B-00C04F79EFBC}") = "OJS.Web", "Web\OJS.Web\OJS.Web.csproj", "{C2EF4F1B-A694-4E52-935C-7872F6CAD37C}"
EndProject
Project("{FAE04EC0-301F-11D3-BF4B-00C04F79EFBC}") = "OJS.Data", "Data\OJS.Data\OJS.Data.csproj", "{1807194C-9E25-4365-B3BE-FE1DF627612B}"
EndProject
Project("{FAE04EC0-301F-11D3-BF4B-00C04F79EFBC}") = "OJS.Data.Contracts", "Data\OJS.Data.Contracts\OJS.Data.Contracts.csproj", "{8C4BF453-24EF-46F3-B947-31505FB905DE}"
EndProject
Project("{2150E333-8FDC-42A3-9474-1A3956D46DE8}") = "External Libraries", "External Libraries", "{3003E3B3-84A6-48E8-8252-B532A5086EB1}"
	ProjectSection(SolutionItems) = preProject
		External Libraries\Ionic.Zip.dll = External Libraries\Ionic.Zip.dll
		External Libraries\Ionic.Zip.xml = External Libraries\Ionic.Zip.xml
		External Libraries\Kendo.Mvc.dll = External Libraries\Kendo.Mvc.dll
		External Libraries\Kendo.Mvc.README = External Libraries\Kendo.Mvc.README
		External Libraries\Kendo.Mvc.xml = External Libraries\Kendo.Mvc.xml
		External Libraries\TelerikContestSystem.DAL.dll = External Libraries\TelerikContestSystem.DAL.dll
	EndProjectSection
EndProject
Project("{F088123C-0E9E-452A-89E6-6BA2F21D5CAC}") = "OJS.Diagrams", "Documentation\OJS.Diagrams\OJS.Diagrams.modelproj", "{04DE40D9-F362-4916-940F-712C165909AF}"
EndProject
Project("{FAE04EC0-301F-11D3-BF4B-00C04F79EFBC}") = "OJS.Web.Tests", "Tests\OJS.Web.Tests\OJS.Web.Tests.csproj", "{28647C4A-BD4B-4E1B-B48D-A397740B805C}"
EndProject
Project("{FAE04EC0-301F-11D3-BF4B-00C04F79EFBC}") = "OJS.Tests.Common", "Tests\OJS.Tests.Common\OJS.Tests.Common.csproj", "{01CC0B02-529E-4D5F-B345-0B92F6920854}"
EndProject
Project("{FAE04EC0-301F-11D3-BF4B-00C04F79EFBC}") = "OJS.Data.Tests", "Tests\OJS.Data.Tests\OJS.Data.Tests.csproj", "{EA9D6519-EC81-4C8B-9385-455CF5C3544E}"
EndProject
Project("{2150E333-8FDC-42A3-9474-1A3956D46DE8}") = "Tools", "Tools", "{B0824D7E-8597-4CC2-AEB2-EED1CDBFD007}"
EndProject
Project("{FAE04EC0-301F-11D3-BF4B-00C04F79EFBC}") = "OJS.Tools.OldDatabaseMigration", "Tools\OJS.Tools.OldDatabaseMigration\OJS.Tools.OldDatabaseMigration.csproj", "{C4144383-C1E4-4849-BA35-F063967314DA}"
EndProject
Project("{2150E333-8FDC-42A3-9474-1A3956D46DE8}") = "Executor.Security.Tests", "Executor.Security.Tests", "{29554AA1-87DF-4811-9084-071C4D6BEAAF}"
EndProject
Project("{2150E333-8FDC-42A3-9474-1A3956D46DE8}") = "CSharp", "CSharp", "{7A010146-2DF8-49D5-8B21-EE73AE6422E6}"
	ProjectSection(SolutionItems) = preProject
		Documentation\Executor.Security.Tests\CSharp\01. Shut Down With Diagnostics.txt = Documentation\Executor.Security.Tests\CSharp\01. Shut Down With Diagnostics.txt
		Documentation\Executor.Security.Tests\CSharp\02. Shut Down With Win32 Method.txt = Documentation\Executor.Security.Tests\CSharp\02. Shut Down With Win32 Method.txt
		Documentation\Executor.Security.Tests\CSharp\03. Shut Down With System.Management.txt = Documentation\Executor.Security.Tests\CSharp\03. Shut Down With System.Management.txt
		Documentation\Executor.Security.Tests\CSharp\04. Reboot.txt = Documentation\Executor.Security.Tests\CSharp\04. Reboot.txt
		Documentation\Executor.Security.Tests\CSharp\05. Kill Network.txt = Documentation\Executor.Security.Tests\CSharp\05. Kill Network.txt
		Documentation\Executor.Security.Tests\CSharp\06. Registry Edit.txt = Documentation\Executor.Security.Tests\CSharp\06. Registry Edit.txt
		Documentation\Executor.Security.Tests\CSharp\07. Kill Process - WORKS ON CURRENT VERSION!.txt = Documentation\Executor.Security.Tests\CSharp\07. Kill Process - WORKS ON CURRENT VERSION!.txt
		Documentation\Executor.Security.Tests\CSharp\08. Execute Bat File - WORKS ON CURRENT VERSION.txt = Documentation\Executor.Security.Tests\CSharp\08. Execute Bat File - WORKS ON CURRENT VERSION.txt
		Documentation\Executor.Security.Tests\CSharp\09. Create Folder Somewhere.txt = Documentation\Executor.Security.Tests\CSharp\09. Create Folder Somewhere.txt
		Documentation\Executor.Security.Tests\CSharp\10. Try To Save Input In File.txt = Documentation\Executor.Security.Tests\CSharp\10. Try To Save Input In File.txt
		Documentation\Executor.Security.Tests\CSharp\11. Using Windows Fork Bomb - WORKS ON CURRENT VERSION.txt = Documentation\Executor.Security.Tests\CSharp\11. Using Windows Fork Bomb - WORKS ON CURRENT VERSION.txt
		Documentation\Executor.Security.Tests\CSharp\ToDo.txt = Documentation\Executor.Security.Tests\CSharp\ToDo.txt
	EndProjectSection
EndProject
Project("{2150E333-8FDC-42A3-9474-1A3956D46DE8}") = "C++", "C++", "{154179FB-ED7B-4C9D-89DE-77EEBDC7BD3A}"
EndProject
Project("{2150E333-8FDC-42A3-9474-1A3956D46DE8}") = "JavaScript", "JavaScript", "{3BDB3472-E927-4660-AF50-3C8CACFFC012}"
EndProject
Project("{FAE04EC0-301F-11D3-BF4B-00C04F79EFBC}") = "OJS.Workers.Common", "Workers\OJS.Workers.Common\OJS.Workers.Common.csproj", "{7F714D0B-CE81-4DD7-B6B2-62080FE22CD8}"
EndProject
Project("{FAE04EC0-301F-11D3-BF4B-00C04F79EFBC}") = "OJS.Workers.Checkers", "Workers\OJS.Workers.Checkers\OJS.Workers.Checkers.csproj", "{93EC1D66-2CE1-4682-AC09-C8C40178A9AD}"
EndProject
Project("{FAE04EC0-301F-11D3-BF4B-00C04F79EFBC}") = "OJS.Common.Tests", "Tests\OJS.Common.Tests\OJS.Common.Tests.csproj", "{F4AD07BC-B932-4D09-82D8-9800C9260B33}"
EndProject
Project("{FAE04EC0-301F-11D3-BF4B-00C04F79EFBC}") = "OJS.Workers.Controller", "Workers\OJS.Workers.Controller\OJS.Workers.Controller.csproj", "{1D0C9F0C-5A84-453B-BB49-A8CD86FFAE7A}"
EndProject
Project("{FAE04EC0-301F-11D3-BF4B-00C04F79EFBC}") = "OJS.Workers.Agent", "Workers\OJS.Workers.Agent\OJS.Workers.Agent.csproj", "{CE54BB68-B790-47F4-8412-58C2BAC900BD}"
EndProject
Project("{FAE04EC0-301F-11D3-BF4B-00C04F79EFBC}") = "OJS.Workers.Checkers.Tests", "Tests\OJS.Workers.Checkers.Tests\OJS.Workers.Checkers.Tests.csproj", "{73B7CEF9-1843-4EFB-B9BF-E2A0492613A8}"
EndProject
Project("{FAE04EC0-301F-11D3-BF4B-00C04F79EFBC}") = "OJS.Workers.Executors", "Workers\OJS.Workers.Executors\OJS.Workers.Executors.csproj", "{CDA78D62-7210-45CA-B3E5-9F6A5DEA5734}"
EndProject
Project("{FAE04EC0-301F-11D3-BF4B-00C04F79EFBC}") = "OJS.Workers.Compilers", "Workers\OJS.Workers.Compilers\OJS.Workers.Compilers.csproj", "{8570183B-9D7A-408D-9EA6-F86F59B05A10}"
EndProject
Project("{FAE04EC0-301F-11D3-BF4B-00C04F79EFBC}") = "SandboxExecutorProofOfConcept", "Tools\SandboxExecutorProofOfConcept\SandboxExecutorProofOfConcept.csproj", "{EB599E35-73C7-4FD7-BA38-BE6FB6E60C8E}"
EndProject
Project("{2150E333-8FDC-42A3-9474-1A3956D46DE8}") = "Sandbox", "Sandbox", "{95A6091F-9D63-4E56-99E4-DC34CEBD551A}"
	ProjectSection(SolutionItems) = preProject
		Documentation\Sandbox\Useful links.txt = Documentation\Sandbox\Useful links.txt
	EndProjectSection
EndProject
Project("{FAE04EC0-301F-11D3-BF4B-00C04F79EFBC}") = "SandboxTarget", "Tools\SandboxTarget\SandboxTarget.csproj", "{D51F7D60-421C-44B2-9422-2610066CB82D}"
EndProject
Project("{2150E333-8FDC-42A3-9474-1A3956D46DE8}") = ".nuget", ".nuget", "{55BD5E6E-A6AB-41D9-99D9-3601077B2788}"
	ProjectSection(SolutionItems) = preProject
		.nuget\NuGet.Config = .nuget\NuGet.Config
		.nuget\NuGet.exe = .nuget\NuGet.exe
		.nuget\NuGet.targets = .nuget\NuGet.targets
	EndProjectSection
EndProject
Project("{FAE04EC0-301F-11D3-BF4B-00C04F79EFBC}") = "OJS.Workers.Executors.Tests", "Tests\OJS.Workers.Executors.Tests\OJS.Workers.Executors.Tests.csproj", "{5054FE58-791D-41EA-9ED9-911788A7E631}"
EndProject
Project("{2150E333-8FDC-42A3-9474-1A3956D46DE8}") = "Files", "Files", "{042CF9B9-A029-4D72-A642-A1727F892D26}"
	ProjectSection(SolutionItems) = preProject
		Tools\Files\ApiMonitorApiFilters.xml = Tools\Files\ApiMonitorApiFilters.xml
	EndProjectSection
EndProject
Project("{FAE04EC0-301F-11D3-BF4B-00C04F79EFBC}") = "OJS.Web.Common", "Web\OJS.Web.Common\OJS.Web.Common.csproj", "{2E08E0AF-0E51-47CA-947B-4C66086FA030}"
EndProject
Project("{FAE04EC0-301F-11D3-BF4B-00C04F79EFBC}") = "OJS.Common", "OJS.Common\OJS.Common.csproj", "{69B10B02-22CF-47D6-B5F3-8A5FFB7DC771}"
EndProject
Project("{FAE04EC0-301F-11D3-BF4B-00C04F79EFBC}") = "OJS.Workers.LocalWorker", "Workers\OJS.Workers.LocalWorker\OJS.Workers.LocalWorker.csproj", "{5D3361F8-F50B-415F-826A-724DCDAA4A89}"
EndProject
Project("{FAE04EC0-301F-11D3-BF4B-00C04F79EFBC}") = "OJS.Workers.ExecutionStrategies", "Workers\OJS.Workers.ExecutionStrategies\OJS.Workers.ExecutionStrategies.csproj", "{69966098-E5B2-46CD-88E9-1F79B245ADE0}"
EndProject
Project("{FAE04EC0-301F-11D3-BF4B-00C04F79EFBC}") = "OJS.Tools.OldDatabaseMigrationExecutor", "Tools\OJS.Tools.OldDatabaseMigrationExecutor\OJS.Tools.OldDatabaseMigrationExecutor.csproj", "{96C5F093-3A06-4D01-ACC6-3003D7111528}"
EndProject
Project("{FAE04EC0-301F-11D3-BF4B-00C04F79EFBC}") = "OJS.Tools.SendMailToAllUsers", "Tools\OJS.Tools.SendMailToAllUsers\OJS.Tools.SendMailToAllUsers.csproj", "{5EA70AB3-5D6C-4596-9DFC-BE54A848CC24}"
EndProject
Global
	GlobalSection(TeamFoundationVersionControl) = preSolution
		SccNumberOfProjects = 27
		SccEnterpriseProvider = {4CA58AB2-18FA-4F8D-95D4-32DDF27D184C}
		SccTeamFoundationServer = http://academytfs2012/tfs/defaultcollection
		SccLocalPath0 = .
		SccProjectUniqueName1 = Tools\\SandboxExecutorProofOfConcept\\SandboxExecutorProofOfConcept.csproj
		SccProjectTopLevelParentUniqueName1 = Open\u0020Judge\u0020System.sln
		SccProjectName1 = Tools/SandboxExecutorProofOfConcept
		SccLocalPath1 = Tools\\SandboxExecutorProofOfConcept
		SccProjectUniqueName2 = Tools\\SandboxTarget\\SandboxTarget.csproj
		SccProjectTopLevelParentUniqueName2 = Open\u0020Judge\u0020System.sln
		SccProjectName2 = Tools/SandboxTarget
		SccLocalPath2 = Tools\\SandboxTarget
		SccProjectUniqueName3 = OJS.Common\\OJS.Common.csproj
		SccProjectName3 = OJS.Common
		SccLocalPath3 = OJS.Common
		SccProjectUniqueName4 = Tools\\OJS.Tools.OldDatabaseMigration\\OJS.Tools.OldDatabaseMigration.csproj
		SccProjectTopLevelParentUniqueName4 = Open\u0020Judge\u0020System.sln
		SccProjectName4 = Tools/OJS.Tools.OldDatabaseMigration
		SccLocalPath4 = Tools\\OJS.Tools.OldDatabaseMigration
		SccProjectUniqueName5 = Data\\OJS.Data\\OJS.Data.csproj
		SccProjectTopLevelParentUniqueName5 = Open\u0020Judge\u0020System.sln
		SccProjectName5 = Data/OJS.Data
		SccLocalPath5 = Data\\OJS.Data
		SccProjectUniqueName6 = Data\\OJS.Data.Contracts\\OJS.Data.Contracts.csproj
		SccProjectTopLevelParentUniqueName6 = Open\u0020Judge\u0020System.sln
		SccProjectName6 = Data/OJS.Data.Contracts
		SccLocalPath6 = Data\\OJS.Data.Contracts
		SccProjectUniqueName7 = Data\\OJS.Data.Models\\OJS.Data.Models.csproj
		SccProjectTopLevelParentUniqueName7 = Open\u0020Judge\u0020System.sln
		SccProjectName7 = Data/OJS.Data.Models
		SccLocalPath7 = Data\\OJS.Data.Models
		SccProjectUniqueName8 = Documentation\\OJS.Diagrams\\OJS.Diagrams.modelproj
		SccProjectTopLevelParentUniqueName8 = Open\u0020Judge\u0020System.sln
		SccProjectName8 = Documentation/OJS.Diagrams
		SccLocalPath8 = Documentation\\OJS.Diagrams
		SccProjectUniqueName9 = Tests\\OJS.Common.Tests\\OJS.Common.Tests.csproj
		SccProjectTopLevelParentUniqueName9 = Open\u0020Judge\u0020System.sln
		SccProjectName9 = Tests/OJS.Common.Tests
		SccLocalPath9 = Tests\\OJS.Common.Tests
		SccProjectUniqueName10 = Tests\\OJS.Data.Tests\\OJS.Data.Tests.csproj
		SccProjectTopLevelParentUniqueName10 = Open\u0020Judge\u0020System.sln
		SccProjectName10 = Tests/OJS.Data.Tests
		SccLocalPath10 = Tests\\OJS.Data.Tests
		SccProjectUniqueName11 = Tests\\OJS.Tests.Common\\OJS.Tests.Common.csproj
		SccProjectTopLevelParentUniqueName11 = Open\u0020Judge\u0020System.sln
		SccProjectName11 = Tests/OJS.Tests.Common
		SccLocalPath11 = Tests\\OJS.Tests.Common
		SccProjectUniqueName12 = Tests\\OJS.Web.Tests\\OJS.Web.Tests.csproj
		SccProjectTopLevelParentUniqueName12 = Open\u0020Judge\u0020System.sln
		SccProjectName12 = Tests/OJS.Web.Tests
		SccLocalPath12 = Tests\\OJS.Web.Tests
		SccProjectUniqueName13 = Web\\OJS.Web\\OJS.Web.csproj
		SccProjectTopLevelParentUniqueName13 = Open\u0020Judge\u0020System.sln
		SccProjectName13 = Web/OJS.Web
		SccLocalPath13 = Web\\OJS.Web
		SccProjectUniqueName14 = Web\\OJS.Web.Common\\OJS.Web.Common.csproj
		SccProjectTopLevelParentUniqueName14 = Open\u0020Judge\u0020System.sln
		SccProjectName14 = Web/OJS.Web.Common
		SccLocalPath14 = Web\\OJS.Web.Common
		SccProjectUniqueName15 = Workers\\OJS.Workers.Agent\\OJS.Workers.Agent.csproj
		SccProjectTopLevelParentUniqueName15 = Open\u0020Judge\u0020System.sln
		SccProjectName15 = Workers/OJS.Workers.Agent
		SccLocalPath15 = Workers\\OJS.Workers.Agent
		SccProjectUniqueName16 = Workers\\OJS.Workers.Checkers\\OJS.Workers.Checkers.csproj
		SccProjectTopLevelParentUniqueName16 = Open\u0020Judge\u0020System.sln
		SccProjectName16 = Workers/OJS.Workers.Checkers
		SccLocalPath16 = Workers\\OJS.Workers.Checkers
		SccProjectUniqueName17 = Workers\\OJS.Workers.Common\\OJS.Workers.Common.csproj
		SccProjectTopLevelParentUniqueName17 = Open\u0020Judge\u0020System.sln
		SccProjectName17 = Workers/OJS.Workers.Common
		SccLocalPath17 = Workers\\OJS.Workers.Common
		SccProjectUniqueName18 = Workers\\OJS.Workers.Compilers\\OJS.Workers.Compilers.csproj
		SccProjectTopLevelParentUniqueName18 = Open\u0020Judge\u0020System.sln
		SccProjectName18 = Workers/OJS.Workers.Compilers
		SccLocalPath18 = Workers\\OJS.Workers.Compilers
		SccProjectUniqueName19 = Workers\\OJS.Workers.Controller\\OJS.Workers.Controller.csproj
		SccProjectTopLevelParentUniqueName19 = Open\u0020Judge\u0020System.sln
		SccProjectName19 = Workers/OJS.Workers.Controller
		SccLocalPath19 = Workers\\OJS.Workers.Controller
		SccProjectUniqueName20 = Workers\\OJS.Workers.Executors\\OJS.Workers.Executors.csproj
		SccProjectTopLevelParentUniqueName20 = Open\u0020Judge\u0020System.sln
		SccProjectName20 = Workers/OJS.Workers.Executors
		SccLocalPath20 = Workers\\OJS.Workers.Executors
		SccProjectUniqueName21 = Tests\\OJS.Workers.Checkers.Tests\\OJS.Workers.Checkers.Tests.csproj
		SccProjectTopLevelParentUniqueName21 = Open\u0020Judge\u0020System.sln
		SccProjectName21 = Tests/OJS.Workers.Checkers.Tests
		SccLocalPath21 = Tests\\OJS.Workers.Checkers.Tests
		SccProjectUniqueName22 = Tests\\OJS.Workers.Executors.Tests\\OJS.Workers.Executors.Tests.csproj
		SccProjectTopLevelParentUniqueName22 = Open\u0020Judge\u0020System.sln
		SccProjectName22 = Tests/OJS.Workers.Executors.Tests
		SccLocalPath22 = Tests\\OJS.Workers.Executors.Tests
		SccProjectUniqueName23 = Workers\\OJS.Workers.LocalWorker\\OJS.Workers.LocalWorker.csproj
		SccProjectTopLevelParentUniqueName23 = Open\u0020Judge\u0020System.sln
		SccProjectName23 = Workers/OJS.Workers.LocalWorker
		SccLocalPath23 = Workers\\OJS.Workers.LocalWorker
		SccProjectUniqueName24 = Workers\\OJS.Workers.ExecutionStrategies\\OJS.Workers.ExecutionStrategies.csproj
		SccProjectTopLevelParentUniqueName24 = Open\u0020Judge\u0020System.sln
		SccProjectName24 = Workers/OJS.Workers.ExecutionStrategies
		SccLocalPath24 = Workers\\OJS.Workers.ExecutionStrategies
		SccProjectUniqueName25 = Tools\\OJS.Tools.OldDatabaseMigrationExecutor\\OJS.Tools.OldDatabaseMigrationExecutor.csproj
		SccProjectTopLevelParentUniqueName25 = Open\u0020Judge\u0020System.sln
		SccProjectName25 = Tools/OJS.Tools.OldDatabaseMigrationExecutor
		SccLocalPath25 = Tools\\OJS.Tools.OldDatabaseMigrationExecutor
		SccProjectUniqueName26 = Tools\\OJS.Tools.SendMailToAllUsers\\OJS.Tools.SendMailToAllUsers.csproj
		SccProjectTopLevelParentUniqueName26 = Open\u0020Judge\u0020System.sln
		SccProjectName26 = Tools/OJS.Tools.SendMailToAllUsers
		SccLocalPath26 = Tools\\OJS.Tools.SendMailToAllUsers
	EndGlobalSection
	GlobalSection(SolutionConfigurationPlatforms) = preSolution
		Debug|Any CPU = Debug|Any CPU
		Release|Any CPU = Release|Any CPU
	EndGlobalSection
	GlobalSection(ProjectConfigurationPlatforms) = postSolution
		{341CA732-D483-4487-923E-27ED2A6E9A4F}.Debug|Any CPU.ActiveCfg = Debug|Any CPU
		{341CA732-D483-4487-923E-27ED2A6E9A4F}.Debug|Any CPU.Build.0 = Debug|Any CPU
		{341CA732-D483-4487-923E-27ED2A6E9A4F}.Release|Any CPU.ActiveCfg = Release|Any CPU
		{341CA732-D483-4487-923E-27ED2A6E9A4F}.Release|Any CPU.Build.0 = Release|Any CPU
		{C2EF4F1B-A694-4E52-935C-7872F6CAD37C}.Debug|Any CPU.ActiveCfg = Debug|Any CPU
		{C2EF4F1B-A694-4E52-935C-7872F6CAD37C}.Debug|Any CPU.Build.0 = Debug|Any CPU
		{C2EF4F1B-A694-4E52-935C-7872F6CAD37C}.Release|Any CPU.ActiveCfg = Release|Any CPU
		{C2EF4F1B-A694-4E52-935C-7872F6CAD37C}.Release|Any CPU.Build.0 = Release|Any CPU
		{1807194C-9E25-4365-B3BE-FE1DF627612B}.Debug|Any CPU.ActiveCfg = Debug|Any CPU
		{1807194C-9E25-4365-B3BE-FE1DF627612B}.Debug|Any CPU.Build.0 = Debug|Any CPU
		{1807194C-9E25-4365-B3BE-FE1DF627612B}.Release|Any CPU.ActiveCfg = Release|Any CPU
		{1807194C-9E25-4365-B3BE-FE1DF627612B}.Release|Any CPU.Build.0 = Release|Any CPU
		{8C4BF453-24EF-46F3-B947-31505FB905DE}.Debug|Any CPU.ActiveCfg = Debug|Any CPU
		{8C4BF453-24EF-46F3-B947-31505FB905DE}.Debug|Any CPU.Build.0 = Debug|Any CPU
		{8C4BF453-24EF-46F3-B947-31505FB905DE}.Release|Any CPU.ActiveCfg = Release|Any CPU
		{8C4BF453-24EF-46F3-B947-31505FB905DE}.Release|Any CPU.Build.0 = Release|Any CPU
		{04DE40D9-F362-4916-940F-712C165909AF}.Debug|Any CPU.ActiveCfg = Debug|Any CPU
		{04DE40D9-F362-4916-940F-712C165909AF}.Debug|Any CPU.Build.0 = Debug|Any CPU
		{04DE40D9-F362-4916-940F-712C165909AF}.Release|Any CPU.ActiveCfg = Release|Any CPU
		{04DE40D9-F362-4916-940F-712C165909AF}.Release|Any CPU.Build.0 = Release|Any CPU
		{28647C4A-BD4B-4E1B-B48D-A397740B805C}.Debug|Any CPU.ActiveCfg = Debug|Any CPU
		{28647C4A-BD4B-4E1B-B48D-A397740B805C}.Debug|Any CPU.Build.0 = Debug|Any CPU
		{28647C4A-BD4B-4E1B-B48D-A397740B805C}.Release|Any CPU.ActiveCfg = Release|Any CPU
		{28647C4A-BD4B-4E1B-B48D-A397740B805C}.Release|Any CPU.Build.0 = Release|Any CPU
		{01CC0B02-529E-4D5F-B345-0B92F6920854}.Debug|Any CPU.ActiveCfg = Debug|Any CPU
		{01CC0B02-529E-4D5F-B345-0B92F6920854}.Debug|Any CPU.Build.0 = Debug|Any CPU
		{01CC0B02-529E-4D5F-B345-0B92F6920854}.Release|Any CPU.ActiveCfg = Release|Any CPU
		{01CC0B02-529E-4D5F-B345-0B92F6920854}.Release|Any CPU.Build.0 = Release|Any CPU
		{EA9D6519-EC81-4C8B-9385-455CF5C3544E}.Debug|Any CPU.ActiveCfg = Debug|Any CPU
		{EA9D6519-EC81-4C8B-9385-455CF5C3544E}.Debug|Any CPU.Build.0 = Debug|Any CPU
		{EA9D6519-EC81-4C8B-9385-455CF5C3544E}.Release|Any CPU.ActiveCfg = Release|Any CPU
		{EA9D6519-EC81-4C8B-9385-455CF5C3544E}.Release|Any CPU.Build.0 = Release|Any CPU
		{C4144383-C1E4-4849-BA35-F063967314DA}.Debug|Any CPU.ActiveCfg = Debug|Any CPU
		{C4144383-C1E4-4849-BA35-F063967314DA}.Debug|Any CPU.Build.0 = Debug|Any CPU
		{C4144383-C1E4-4849-BA35-F063967314DA}.Release|Any CPU.ActiveCfg = Release|Any CPU
		{C4144383-C1E4-4849-BA35-F063967314DA}.Release|Any CPU.Build.0 = Release|Any CPU
		{7F714D0B-CE81-4DD7-B6B2-62080FE22CD8}.Debug|Any CPU.ActiveCfg = Debug|Any CPU
		{7F714D0B-CE81-4DD7-B6B2-62080FE22CD8}.Debug|Any CPU.Build.0 = Debug|Any CPU
		{7F714D0B-CE81-4DD7-B6B2-62080FE22CD8}.Release|Any CPU.ActiveCfg = Release|Any CPU
		{7F714D0B-CE81-4DD7-B6B2-62080FE22CD8}.Release|Any CPU.Build.0 = Release|Any CPU
		{93EC1D66-2CE1-4682-AC09-C8C40178A9AD}.Debug|Any CPU.ActiveCfg = Debug|Any CPU
		{93EC1D66-2CE1-4682-AC09-C8C40178A9AD}.Debug|Any CPU.Build.0 = Debug|Any CPU
		{93EC1D66-2CE1-4682-AC09-C8C40178A9AD}.Release|Any CPU.ActiveCfg = Release|Any CPU
		{93EC1D66-2CE1-4682-AC09-C8C40178A9AD}.Release|Any CPU.Build.0 = Release|Any CPU
		{F4AD07BC-B932-4D09-82D8-9800C9260B33}.Debug|Any CPU.ActiveCfg = Debug|Any CPU
		{F4AD07BC-B932-4D09-82D8-9800C9260B33}.Debug|Any CPU.Build.0 = Debug|Any CPU
		{F4AD07BC-B932-4D09-82D8-9800C9260B33}.Release|Any CPU.ActiveCfg = Release|Any CPU
		{F4AD07BC-B932-4D09-82D8-9800C9260B33}.Release|Any CPU.Build.0 = Release|Any CPU
		{1D0C9F0C-5A84-453B-BB49-A8CD86FFAE7A}.Debug|Any CPU.ActiveCfg = Debug|Any CPU
		{1D0C9F0C-5A84-453B-BB49-A8CD86FFAE7A}.Debug|Any CPU.Build.0 = Debug|Any CPU
		{1D0C9F0C-5A84-453B-BB49-A8CD86FFAE7A}.Release|Any CPU.ActiveCfg = Release|Any CPU
		{1D0C9F0C-5A84-453B-BB49-A8CD86FFAE7A}.Release|Any CPU.Build.0 = Release|Any CPU
		{CE54BB68-B790-47F4-8412-58C2BAC900BD}.Debug|Any CPU.ActiveCfg = Debug|Any CPU
		{CE54BB68-B790-47F4-8412-58C2BAC900BD}.Debug|Any CPU.Build.0 = Debug|Any CPU
		{CE54BB68-B790-47F4-8412-58C2BAC900BD}.Release|Any CPU.ActiveCfg = Release|Any CPU
		{CE54BB68-B790-47F4-8412-58C2BAC900BD}.Release|Any CPU.Build.0 = Release|Any CPU
		{73B7CEF9-1843-4EFB-B9BF-E2A0492613A8}.Debug|Any CPU.ActiveCfg = Debug|Any CPU
		{73B7CEF9-1843-4EFB-B9BF-E2A0492613A8}.Debug|Any CPU.Build.0 = Debug|Any CPU
		{73B7CEF9-1843-4EFB-B9BF-E2A0492613A8}.Release|Any CPU.ActiveCfg = Release|Any CPU
		{73B7CEF9-1843-4EFB-B9BF-E2A0492613A8}.Release|Any CPU.Build.0 = Release|Any CPU
		{CDA78D62-7210-45CA-B3E5-9F6A5DEA5734}.Debug|Any CPU.ActiveCfg = Debug|Any CPU
		{CDA78D62-7210-45CA-B3E5-9F6A5DEA5734}.Debug|Any CPU.Build.0 = Debug|Any CPU
		{CDA78D62-7210-45CA-B3E5-9F6A5DEA5734}.Release|Any CPU.ActiveCfg = Release|Any CPU
		{CDA78D62-7210-45CA-B3E5-9F6A5DEA5734}.Release|Any CPU.Build.0 = Release|Any CPU
		{8570183B-9D7A-408D-9EA6-F86F59B05A10}.Debug|Any CPU.ActiveCfg = Debug|Any CPU
		{8570183B-9D7A-408D-9EA6-F86F59B05A10}.Debug|Any CPU.Build.0 = Debug|Any CPU
		{8570183B-9D7A-408D-9EA6-F86F59B05A10}.Release|Any CPU.ActiveCfg = Release|Any CPU
		{8570183B-9D7A-408D-9EA6-F86F59B05A10}.Release|Any CPU.Build.0 = Release|Any CPU
		{EB599E35-73C7-4FD7-BA38-BE6FB6E60C8E}.Debug|Any CPU.ActiveCfg = Debug|Any CPU
		{EB599E35-73C7-4FD7-BA38-BE6FB6E60C8E}.Debug|Any CPU.Build.0 = Debug|Any CPU
		{EB599E35-73C7-4FD7-BA38-BE6FB6E60C8E}.Release|Any CPU.ActiveCfg = Release|Any CPU
		{EB599E35-73C7-4FD7-BA38-BE6FB6E60C8E}.Release|Any CPU.Build.0 = Release|Any CPU
		{D51F7D60-421C-44B2-9422-2610066CB82D}.Debug|Any CPU.ActiveCfg = Debug|Any CPU
		{D51F7D60-421C-44B2-9422-2610066CB82D}.Debug|Any CPU.Build.0 = Debug|Any CPU
		{D51F7D60-421C-44B2-9422-2610066CB82D}.Release|Any CPU.ActiveCfg = Release|Any CPU
		{D51F7D60-421C-44B2-9422-2610066CB82D}.Release|Any CPU.Build.0 = Release|Any CPU
		{5054FE58-791D-41EA-9ED9-911788A7E631}.Debug|Any CPU.ActiveCfg = Debug|Any CPU
		{5054FE58-791D-41EA-9ED9-911788A7E631}.Debug|Any CPU.Build.0 = Debug|Any CPU
		{5054FE58-791D-41EA-9ED9-911788A7E631}.Release|Any CPU.ActiveCfg = Release|Any CPU
		{5054FE58-791D-41EA-9ED9-911788A7E631}.Release|Any CPU.Build.0 = Release|Any CPU
		{2E08E0AF-0E51-47CA-947B-4C66086FA030}.Debug|Any CPU.ActiveCfg = Debug|Any CPU
		{2E08E0AF-0E51-47CA-947B-4C66086FA030}.Debug|Any CPU.Build.0 = Debug|Any CPU
		{2E08E0AF-0E51-47CA-947B-4C66086FA030}.Release|Any CPU.ActiveCfg = Release|Any CPU
		{2E08E0AF-0E51-47CA-947B-4C66086FA030}.Release|Any CPU.Build.0 = Release|Any CPU
		{69B10B02-22CF-47D6-B5F3-8A5FFB7DC771}.Debug|Any CPU.ActiveCfg = Debug|Any CPU
		{69B10B02-22CF-47D6-B5F3-8A5FFB7DC771}.Debug|Any CPU.Build.0 = Debug|Any CPU
		{69B10B02-22CF-47D6-B5F3-8A5FFB7DC771}.Release|Any CPU.ActiveCfg = Release|Any CPU
		{69B10B02-22CF-47D6-B5F3-8A5FFB7DC771}.Release|Any CPU.Build.0 = Release|Any CPU
		{5D3361F8-F50B-415F-826A-724DCDAA4A89}.Debug|Any CPU.ActiveCfg = Debug|Any CPU
		{5D3361F8-F50B-415F-826A-724DCDAA4A89}.Debug|Any CPU.Build.0 = Debug|Any CPU
		{5D3361F8-F50B-415F-826A-724DCDAA4A89}.Release|Any CPU.ActiveCfg = Release|Any CPU
		{5D3361F8-F50B-415F-826A-724DCDAA4A89}.Release|Any CPU.Build.0 = Release|Any CPU
		{69966098-E5B2-46CD-88E9-1F79B245ADE0}.Debug|Any CPU.ActiveCfg = Debug|Any CPU
		{69966098-E5B2-46CD-88E9-1F79B245ADE0}.Debug|Any CPU.Build.0 = Debug|Any CPU
		{69966098-E5B2-46CD-88E9-1F79B245ADE0}.Release|Any CPU.ActiveCfg = Release|Any CPU
		{69966098-E5B2-46CD-88E9-1F79B245ADE0}.Release|Any CPU.Build.0 = Release|Any CPU
		{96C5F093-3A06-4D01-ACC6-3003D7111528}.Debug|Any CPU.ActiveCfg = Debug|Any CPU
		{96C5F093-3A06-4D01-ACC6-3003D7111528}.Debug|Any CPU.Build.0 = Debug|Any CPU
		{96C5F093-3A06-4D01-ACC6-3003D7111528}.Release|Any CPU.ActiveCfg = Release|Any CPU
		{96C5F093-3A06-4D01-ACC6-3003D7111528}.Release|Any CPU.Build.0 = Release|Any CPU
		{5EA70AB3-5D6C-4596-9DFC-BE54A848CC24}.Debug|Any CPU.ActiveCfg = Debug|Any CPU
		{5EA70AB3-5D6C-4596-9DFC-BE54A848CC24}.Debug|Any CPU.Build.0 = Debug|Any CPU
		{5EA70AB3-5D6C-4596-9DFC-BE54A848CC24}.Release|Any CPU.ActiveCfg = Release|Any CPU
		{5EA70AB3-5D6C-4596-9DFC-BE54A848CC24}.Release|Any CPU.Build.0 = Release|Any CPU
	EndGlobalSection
	GlobalSection(SolutionProperties) = preSolution
		HideSolutionNode = FALSE
	EndGlobalSection
	GlobalSection(NestedProjects) = preSolution
		{C2EF4F1B-A694-4E52-935C-7872F6CAD37C} = {93034417-0AAA-4E72-84EA-767DB4EF5283}
		{2E08E0AF-0E51-47CA-947B-4C66086FA030} = {93034417-0AAA-4E72-84EA-767DB4EF5283}
		{7F714D0B-CE81-4DD7-B6B2-62080FE22CD8} = {BCDBCB6C-55D6-40E7-83FB-9A678E203A9E}
		{93EC1D66-2CE1-4682-AC09-C8C40178A9AD} = {BCDBCB6C-55D6-40E7-83FB-9A678E203A9E}
		{1D0C9F0C-5A84-453B-BB49-A8CD86FFAE7A} = {BCDBCB6C-55D6-40E7-83FB-9A678E203A9E}
		{CE54BB68-B790-47F4-8412-58C2BAC900BD} = {BCDBCB6C-55D6-40E7-83FB-9A678E203A9E}
		{CDA78D62-7210-45CA-B3E5-9F6A5DEA5734} = {BCDBCB6C-55D6-40E7-83FB-9A678E203A9E}
		{8570183B-9D7A-408D-9EA6-F86F59B05A10} = {BCDBCB6C-55D6-40E7-83FB-9A678E203A9E}
		{5D3361F8-F50B-415F-826A-724DCDAA4A89} = {BCDBCB6C-55D6-40E7-83FB-9A678E203A9E}
		{69966098-E5B2-46CD-88E9-1F79B245ADE0} = {BCDBCB6C-55D6-40E7-83FB-9A678E203A9E}
		{28647C4A-BD4B-4E1B-B48D-A397740B805C} = {9DAC057C-7607-48F0-B961-70BAAF4C368A}
		{01CC0B02-529E-4D5F-B345-0B92F6920854} = {9DAC057C-7607-48F0-B961-70BAAF4C368A}
		{EA9D6519-EC81-4C8B-9385-455CF5C3544E} = {9DAC057C-7607-48F0-B961-70BAAF4C368A}
		{F4AD07BC-B932-4D09-82D8-9800C9260B33} = {9DAC057C-7607-48F0-B961-70BAAF4C368A}
		{73B7CEF9-1843-4EFB-B9BF-E2A0492613A8} = {9DAC057C-7607-48F0-B961-70BAAF4C368A}
		{5054FE58-791D-41EA-9ED9-911788A7E631} = {9DAC057C-7607-48F0-B961-70BAAF4C368A}
		{04DE40D9-F362-4916-940F-712C165909AF} = {E2BF8DA5-DB42-4B88-B202-B60D7EE4A712}
		{29554AA1-87DF-4811-9084-071C4D6BEAAF} = {E2BF8DA5-DB42-4B88-B202-B60D7EE4A712}
		{95A6091F-9D63-4E56-99E4-DC34CEBD551A} = {E2BF8DA5-DB42-4B88-B202-B60D7EE4A712}
		{341CA732-D483-4487-923E-27ED2A6E9A4F} = {699277CE-89E7-4F00-A8BF-96A8450529E9}
		{1807194C-9E25-4365-B3BE-FE1DF627612B} = {699277CE-89E7-4F00-A8BF-96A8450529E9}
		{8C4BF453-24EF-46F3-B947-31505FB905DE} = {699277CE-89E7-4F00-A8BF-96A8450529E9}
		{C4144383-C1E4-4849-BA35-F063967314DA} = {B0824D7E-8597-4CC2-AEB2-EED1CDBFD007}
		{EB599E35-73C7-4FD7-BA38-BE6FB6E60C8E} = {B0824D7E-8597-4CC2-AEB2-EED1CDBFD007}
		{D51F7D60-421C-44B2-9422-2610066CB82D} = {B0824D7E-8597-4CC2-AEB2-EED1CDBFD007}
		{042CF9B9-A029-4D72-A642-A1727F892D26} = {B0824D7E-8597-4CC2-AEB2-EED1CDBFD007}
		{96C5F093-3A06-4D01-ACC6-3003D7111528} = {B0824D7E-8597-4CC2-AEB2-EED1CDBFD007}
		{5EA70AB3-5D6C-4596-9DFC-BE54A848CC24} = {B0824D7E-8597-4CC2-AEB2-EED1CDBFD007}
		{7A010146-2DF8-49D5-8B21-EE73AE6422E6} = {29554AA1-87DF-4811-9084-071C4D6BEAAF}
		{154179FB-ED7B-4C9D-89DE-77EEBDC7BD3A} = {29554AA1-87DF-4811-9084-071C4D6BEAAF}
		{3BDB3472-E927-4660-AF50-3C8CACFFC012} = {29554AA1-87DF-4811-9084-071C4D6BEAAF}
	EndGlobalSection
EndGlobal
