
Microsoft Visual Studio Solution File, Format Version 12.00
# Visual Studio 15
VisualStudioVersion = 15.0.26730.16
MinimumVisualStudioVersion = 10.0.40219.1
Project("{2150E333-8FDC-42A3-9474-1A3956D46DE8}") = "Web", "Web", "{93034417-0AAA-4E72-84EA-767DB4EF5283}"
EndProject
Project("{2150E333-8FDC-42A3-9474-1A3956D46DE8}") = "Workers", "Workers", "{BCDBCB6C-55D6-40E7-83FB-9A678E203A9E}"
EndProject
Project("{2150E333-8FDC-42A3-9474-1A3956D46DE8}") = "Tests", "Tests", "{9DAC057C-7607-48F0-B961-70BAAF4C368A}"
EndProject
Project("{2150E333-8FDC-42A3-9474-1A3956D46DE8}") = "Data", "Data", "{699277CE-89E7-4F00-A8BF-96A8450529E9}"
EndProject
Project("{FAE04EC0-301F-11D3-BF4B-00C04F79EFBC}") = "OJS.Data.Models", "Data\OJS.Data.Models\OJS.Data.Models.csproj", "{341CA732-D483-4487-923E-27ED2A6E9A4F}"
EndProject
Project("{FAE04EC0-301F-11D3-BF4B-00C04F79EFBC}") = "OJS.Web", "Web\OJS.Web\OJS.Web.csproj", "{C2EF4F1B-A694-4E52-935C-7872F6CAD37C}"
EndProject
Project("{FAE04EC0-301F-11D3-BF4B-00C04F79EFBC}") = "OJS.Data", "Data\OJS.Data\OJS.Data.csproj", "{1807194C-9E25-4365-B3BE-FE1DF627612B}"
EndProject
Project("{FAE04EC0-301F-11D3-BF4B-00C04F79EFBC}") = "OJS.Data.Contracts", "Data\OJS.Data.Contracts\OJS.Data.Contracts.csproj", "{8C4BF453-24EF-46F3-B947-31505FB905DE}"
EndProject
Project("{2150E333-8FDC-42A3-9474-1A3956D46DE8}") = "External Libraries", "External Libraries", "{3003E3B3-84A6-48E8-8252-B532A5086EB1}"
	ProjectSection(SolutionItems) = preProject
		External Libraries\Kendo.Mvc.dll = External Libraries\Kendo.Mvc.dll
		External Libraries\Kendo.Mvc.README = External Libraries\Kendo.Mvc.README
		External Libraries\Kendo.Mvc.xml = External Libraries\Kendo.Mvc.xml
	EndProjectSection
EndProject
Project("{FAE04EC0-301F-11D3-BF4B-00C04F79EFBC}") = "OJS.Tests.Common", "Tests\OJS.Tests.Common\OJS.Tests.Common.csproj", "{01CC0B02-529E-4D5F-B345-0B92F6920854}"
EndProject
Project("{2150E333-8FDC-42A3-9474-1A3956D46DE8}") = "Tools", "Tools", "{B0824D7E-8597-4CC2-AEB2-EED1CDBFD007}"
EndProject
Project("{FAE04EC0-301F-11D3-BF4B-00C04F79EFBC}") = "OJS.Workers.Common", "Workers\OJS.Workers.Common\OJS.Workers.Common.csproj", "{7F714D0B-CE81-4DD7-B6B2-62080FE22CD8}"
EndProject
Project("{FAE04EC0-301F-11D3-BF4B-00C04F79EFBC}") = "OJS.Workers.Checkers", "Workers\OJS.Workers.Checkers\OJS.Workers.Checkers.csproj", "{93EC1D66-2CE1-4682-AC09-C8C40178A9AD}"
EndProject
Project("{FAE04EC0-301F-11D3-BF4B-00C04F79EFBC}") = "OJS.Common.Tests", "Tests\OJS.Common.Tests\OJS.Common.Tests.csproj", "{F4AD07BC-B932-4D09-82D8-9800C9260B33}"
EndProject
Project("{FAE04EC0-301F-11D3-BF4B-00C04F79EFBC}") = "OJS.Workers.Controller", "Workers\OJS.Workers.Controller\OJS.Workers.Controller.csproj", "{1D0C9F0C-5A84-453B-BB49-A8CD86FFAE7A}"
EndProject
Project("{FAE04EC0-301F-11D3-BF4B-00C04F79EFBC}") = "OJS.Workers.Agent", "Workers\OJS.Workers.Agent\OJS.Workers.Agent.csproj", "{CE54BB68-B790-47F4-8412-58C2BAC900BD}"
EndProject
Project("{FAE04EC0-301F-11D3-BF4B-00C04F79EFBC}") = "OJS.Workers.Checkers.Tests", "Tests\OJS.Workers.Checkers.Tests\OJS.Workers.Checkers.Tests.csproj", "{73B7CEF9-1843-4EFB-B9BF-E2A0492613A8}"
EndProject
Project("{FAE04EC0-301F-11D3-BF4B-00C04F79EFBC}") = "OJS.Workers.Executors", "Workers\OJS.Workers.Executors\OJS.Workers.Executors.csproj", "{CDA78D62-7210-45CA-B3E5-9F6A5DEA5734}"
EndProject
Project("{FAE04EC0-301F-11D3-BF4B-00C04F79EFBC}") = "OJS.Workers.Compilers", "Workers\OJS.Workers.Compilers\OJS.Workers.Compilers.csproj", "{8570183B-9D7A-408D-9EA6-F86F59B05A10}"
EndProject
Project("{FAE04EC0-301F-11D3-BF4B-00C04F79EFBC}") = "SandboxExecutorProofOfConcept", "Tools\SandboxExecutorProofOfConcept\SandboxExecutorProofOfConcept.csproj", "{EB599E35-73C7-4FD7-BA38-BE6FB6E60C8E}"
EndProject
Project("{FAE04EC0-301F-11D3-BF4B-00C04F79EFBC}") = "SandboxTarget", "Tools\SandboxTarget\SandboxTarget.csproj", "{D51F7D60-421C-44B2-9422-2610066CB82D}"
EndProject
Project("{2150E333-8FDC-42A3-9474-1A3956D46DE8}") = ".nuget", ".nuget", "{55BD5E6E-A6AB-41D9-99D9-3601077B2788}"
	ProjectSection(SolutionItems) = preProject
		.nuget\NuGet.Config = .nuget\NuGet.Config
		.nuget\NuGet.exe = .nuget\NuGet.exe
		.nuget\NuGet.targets = .nuget\NuGet.targets
	EndProjectSection
EndProject
Project("{FAE04EC0-301F-11D3-BF4B-00C04F79EFBC}") = "OJS.Workers.Executors.Tests", "Tests\OJS.Workers.Executors.Tests\OJS.Workers.Executors.Tests.csproj", "{5054FE58-791D-41EA-9ED9-911788A7E631}"
EndProject
Project("{FAE04EC0-301F-11D3-BF4B-00C04F79EFBC}") = "OJS.Web.Common", "Web\OJS.Web.Common\OJS.Web.Common.csproj", "{2E08E0AF-0E51-47CA-947B-4C66086FA030}"
EndProject
Project("{FAE04EC0-301F-11D3-BF4B-00C04F79EFBC}") = "OJS.Common", "OJS.Common\OJS.Common.csproj", "{69B10B02-22CF-47D6-B5F3-8A5FFB7DC771}"
EndProject
Project("{FAE04EC0-301F-11D3-BF4B-00C04F79EFBC}") = "OJS.Workers.LocalWorker", "Workers\OJS.Workers.LocalWorker\OJS.Workers.LocalWorker.csproj", "{5D3361F8-F50B-415F-826A-724DCDAA4A89}"
EndProject
Project("{FAE04EC0-301F-11D3-BF4B-00C04F79EFBC}") = "OJS.Workers.ExecutionStrategies", "Workers\OJS.Workers.ExecutionStrategies\OJS.Workers.ExecutionStrategies.csproj", "{69966098-E5B2-46CD-88E9-1F79B245ADE0}"
EndProject
Project("{FAE04EC0-301F-11D3-BF4B-00C04F79EFBC}") = "OJS.Workers.Compilers.Tests", "Tests\OJS.Workers.Compilers.Tests\OJS.Workers.Compilers.Tests.csproj", "{A6A4AB27-2B67-4E8D-BAA6-2FDBB8366CCE}"
EndProject
Project("{FAE04EC0-301F-11D3-BF4B-00C04F79EFBC}") = "OJS.Workers.Tools", "Workers\OJS.Workers.Tools\OJS.Workers.Tools.csproj", "{A1F48412-495A-434C-BDD0-E70AEDAD6897}"
EndProject
Project("{FAE04EC0-301F-11D3-BF4B-00C04F79EFBC}") = "OJS.Workers.Tools.Tests", "Tests\OJS.Workers.Tools.Tests\OJS.Workers.Tools.Tests.csproj", "{EE0CE0F5-BAF8-4AA9-83E8-84881CDABFB1}"
EndProject
Project("{FAE04EC0-301F-11D3-BF4B-00C04F79EFBC}") = "OJS.Workers.ExecutionStrategies.Tests", "Tests\OJS.Workers.ExecutionStrategies.Tests\OJS.Workers.ExecutionStrategies.Tests.csproj", "{1A12AF9D-5BD6-455E-924E-54E686A2F270}"
EndProject
Project("{FAE04EC0-301F-11D3-BF4B-00C04F79EFBC}") = "SqlTestingPoC", "Tools\SqlTestingPoC\SqlTestingPoC.csproj", "{2AE356DA-FCD4-4601-A533-85042648D7F8}"
EndProject
Project("{FAE04EC0-301F-11D3-BF4B-00C04F79EFBC}") = "SubmissionScoresMigrator", "Tools\SubmissionScoresMigrator\SubmissionScoresMigrator.csproj", "{A9EA934C-99DB-495A-B654-888886DC23AA}"
EndProject
Project("{FAE04EC0-301F-11D3-BF4B-00C04F79EFBC}") = "OJS.Tools.SubmissionScoresMigrator.Tests", "Tests\OJS.Tools.SubmissionScoresMigrator.Tests\OJS.Tools.SubmissionScoresMigrator.Tests.csproj", "{8EB6D313-B16D-4F4C-9187-F58BFE5292CB}"
EndProject
Project("{FAE04EC0-301F-11D3-BF4B-00C04F79EFBC}") = "OJS.Web.Tests", "Tests\OJS.Web.Tests\OJS.Web.Tests.csproj", "{757DED16-A6CC-4686-B9AF-496A409F5A47}"
EndProject
Project("{FAE04EC0-301F-11D3-BF4B-00C04F79EFBC}") = "OJS.Data.Models.Tests", "Tests\OJS.Data.Models.Tests\OJS.Data.Models.Tests.csproj", "{1E19D588-2F3D-4CFE-A377-E21D3D6A1BB4}"
EndProject
Project("{FAE04EC0-301F-11D3-BF4B-00C04F79EFBC}") = "OJS.Services.Common", "OJS.Services.Common\OJS.Services.Common.csproj", "{A7DE52AC-62E7-43F0-8F73-047728EB5AF2}"
EndProject
Project("{2150E333-8FDC-42A3-9474-1A3956D46DE8}") = "Services", "Services", "{C2202A63-6CAA-49DA-B60B-FB855F8AB1EC}"
EndProject
Project("{FAE04EC0-301F-11D3-BF4B-00C04F79EFBC}") = "OJS.Services", "OJS.Services\OJS.Services.csproj", "{44659A90-F81E-4007-8729-C37F4F650A81}"
EndProject
Project("{FAE04EC0-301F-11D3-BF4B-00C04F79EFBC}") = "OJS.Data.Archives", "OJS.Data.Archives\OJS.Data.Archives.csproj", "{7D684E33-0AA6-44F8-BCFE-A82B70BD48BC}"
EndProject
Project("{FAE04EC0-301F-11D3-BF4B-00C04F79EFBC}") = "OJS.Workers.LocalWorkerMonitoring", "Workers\OJS.Workers.LocalWorkerMonitoring\OJS.Workers.LocalWorkerMonitoring.csproj", "{91080721-1B4B-49E6-BB1B-3684268D12DD}"
EndProject
Project("{FAE04EC0-301F-11D3-BF4B-00C04F79EFBC}") = "OJS.Resources", "OJS.Resources\OJS.Resources.csproj", "{A89A7071-F099-4730-9876-7B1FDADF1412}"
EndProject
Global
	GlobalSection(SolutionConfigurationPlatforms) = preSolution
		Debug|Any CPU = Debug|Any CPU
		Dev|Any CPU = Dev|Any CPU
		Release|Any CPU = Release|Any CPU
	EndGlobalSection
	GlobalSection(ProjectConfigurationPlatforms) = postSolution
		{341CA732-D483-4487-923E-27ED2A6E9A4F}.Debug|Any CPU.ActiveCfg = Debug|Any CPU
		{341CA732-D483-4487-923E-27ED2A6E9A4F}.Debug|Any CPU.Build.0 = Debug|Any CPU
		{341CA732-D483-4487-923E-27ED2A6E9A4F}.Dev|Any CPU.ActiveCfg = Dev|Any CPU
		{341CA732-D483-4487-923E-27ED2A6E9A4F}.Dev|Any CPU.Build.0 = Dev|Any CPU
		{341CA732-D483-4487-923E-27ED2A6E9A4F}.Release|Any CPU.ActiveCfg = Release|Any CPU
		{341CA732-D483-4487-923E-27ED2A6E9A4F}.Release|Any CPU.Build.0 = Release|Any CPU
		{C2EF4F1B-A694-4E52-935C-7872F6CAD37C}.Debug|Any CPU.ActiveCfg = Debug|Any CPU
		{C2EF4F1B-A694-4E52-935C-7872F6CAD37C}.Debug|Any CPU.Build.0 = Debug|Any CPU
		{C2EF4F1B-A694-4E52-935C-7872F6CAD37C}.Dev|Any CPU.ActiveCfg = Dev|Any CPU
		{C2EF4F1B-A694-4E52-935C-7872F6CAD37C}.Dev|Any CPU.Build.0 = Dev|Any CPU
		{C2EF4F1B-A694-4E52-935C-7872F6CAD37C}.Release|Any CPU.ActiveCfg = Release|Any CPU
		{C2EF4F1B-A694-4E52-935C-7872F6CAD37C}.Release|Any CPU.Build.0 = Release|Any CPU
		{1807194C-9E25-4365-B3BE-FE1DF627612B}.Debug|Any CPU.ActiveCfg = Debug|Any CPU
		{1807194C-9E25-4365-B3BE-FE1DF627612B}.Debug|Any CPU.Build.0 = Debug|Any CPU
		{1807194C-9E25-4365-B3BE-FE1DF627612B}.Dev|Any CPU.ActiveCfg = Dev|Any CPU
		{1807194C-9E25-4365-B3BE-FE1DF627612B}.Dev|Any CPU.Build.0 = Dev|Any CPU
		{1807194C-9E25-4365-B3BE-FE1DF627612B}.Release|Any CPU.ActiveCfg = Release|Any CPU
		{1807194C-9E25-4365-B3BE-FE1DF627612B}.Release|Any CPU.Build.0 = Release|Any CPU
		{8C4BF453-24EF-46F3-B947-31505FB905DE}.Debug|Any CPU.ActiveCfg = Debug|Any CPU
		{8C4BF453-24EF-46F3-B947-31505FB905DE}.Debug|Any CPU.Build.0 = Debug|Any CPU
		{8C4BF453-24EF-46F3-B947-31505FB905DE}.Dev|Any CPU.ActiveCfg = Dev|Any CPU
		{8C4BF453-24EF-46F3-B947-31505FB905DE}.Dev|Any CPU.Build.0 = Dev|Any CPU
		{8C4BF453-24EF-46F3-B947-31505FB905DE}.Release|Any CPU.ActiveCfg = Release|Any CPU
		{8C4BF453-24EF-46F3-B947-31505FB905DE}.Release|Any CPU.Build.0 = Release|Any CPU
		{01CC0B02-529E-4D5F-B345-0B92F6920854}.Debug|Any CPU.ActiveCfg = Debug|Any CPU
		{01CC0B02-529E-4D5F-B345-0B92F6920854}.Debug|Any CPU.Build.0 = Debug|Any CPU
		{01CC0B02-529E-4D5F-B345-0B92F6920854}.Dev|Any CPU.ActiveCfg = Dev|Any CPU
		{01CC0B02-529E-4D5F-B345-0B92F6920854}.Dev|Any CPU.Build.0 = Dev|Any CPU
		{01CC0B02-529E-4D5F-B345-0B92F6920854}.Release|Any CPU.ActiveCfg = Release|Any CPU
		{01CC0B02-529E-4D5F-B345-0B92F6920854}.Release|Any CPU.Build.0 = Release|Any CPU
		{7F714D0B-CE81-4DD7-B6B2-62080FE22CD8}.Debug|Any CPU.ActiveCfg = Debug|Any CPU
		{7F714D0B-CE81-4DD7-B6B2-62080FE22CD8}.Debug|Any CPU.Build.0 = Debug|Any CPU
		{7F714D0B-CE81-4DD7-B6B2-62080FE22CD8}.Dev|Any CPU.ActiveCfg = Dev|Any CPU
		{7F714D0B-CE81-4DD7-B6B2-62080FE22CD8}.Dev|Any CPU.Build.0 = Dev|Any CPU
		{7F714D0B-CE81-4DD7-B6B2-62080FE22CD8}.Release|Any CPU.ActiveCfg = Release|Any CPU
		{7F714D0B-CE81-4DD7-B6B2-62080FE22CD8}.Release|Any CPU.Build.0 = Release|Any CPU
		{93EC1D66-2CE1-4682-AC09-C8C40178A9AD}.Debug|Any CPU.ActiveCfg = Debug|Any CPU
		{93EC1D66-2CE1-4682-AC09-C8C40178A9AD}.Debug|Any CPU.Build.0 = Debug|Any CPU
		{93EC1D66-2CE1-4682-AC09-C8C40178A9AD}.Dev|Any CPU.ActiveCfg = Dev|Any CPU
		{93EC1D66-2CE1-4682-AC09-C8C40178A9AD}.Dev|Any CPU.Build.0 = Dev|Any CPU
		{93EC1D66-2CE1-4682-AC09-C8C40178A9AD}.Release|Any CPU.ActiveCfg = Release|Any CPU
		{93EC1D66-2CE1-4682-AC09-C8C40178A9AD}.Release|Any CPU.Build.0 = Release|Any CPU
		{F4AD07BC-B932-4D09-82D8-9800C9260B33}.Debug|Any CPU.ActiveCfg = Debug|Any CPU
		{F4AD07BC-B932-4D09-82D8-9800C9260B33}.Debug|Any CPU.Build.0 = Debug|Any CPU
		{F4AD07BC-B932-4D09-82D8-9800C9260B33}.Dev|Any CPU.ActiveCfg = Dev|Any CPU
		{F4AD07BC-B932-4D09-82D8-9800C9260B33}.Dev|Any CPU.Build.0 = Dev|Any CPU
		{F4AD07BC-B932-4D09-82D8-9800C9260B33}.Release|Any CPU.ActiveCfg = Release|Any CPU
		{F4AD07BC-B932-4D09-82D8-9800C9260B33}.Release|Any CPU.Build.0 = Release|Any CPU
		{1D0C9F0C-5A84-453B-BB49-A8CD86FFAE7A}.Debug|Any CPU.ActiveCfg = Debug|Any CPU
		{1D0C9F0C-5A84-453B-BB49-A8CD86FFAE7A}.Debug|Any CPU.Build.0 = Debug|Any CPU
		{1D0C9F0C-5A84-453B-BB49-A8CD86FFAE7A}.Dev|Any CPU.ActiveCfg = Dev|Any CPU
		{1D0C9F0C-5A84-453B-BB49-A8CD86FFAE7A}.Dev|Any CPU.Build.0 = Dev|Any CPU
		{1D0C9F0C-5A84-453B-BB49-A8CD86FFAE7A}.Release|Any CPU.ActiveCfg = Release|Any CPU
		{1D0C9F0C-5A84-453B-BB49-A8CD86FFAE7A}.Release|Any CPU.Build.0 = Release|Any CPU
		{CE54BB68-B790-47F4-8412-58C2BAC900BD}.Debug|Any CPU.ActiveCfg = Debug|Any CPU
		{CE54BB68-B790-47F4-8412-58C2BAC900BD}.Debug|Any CPU.Build.0 = Debug|Any CPU
		{CE54BB68-B790-47F4-8412-58C2BAC900BD}.Dev|Any CPU.ActiveCfg = Dev|Any CPU
		{CE54BB68-B790-47F4-8412-58C2BAC900BD}.Dev|Any CPU.Build.0 = Dev|Any CPU
		{CE54BB68-B790-47F4-8412-58C2BAC900BD}.Release|Any CPU.ActiveCfg = Release|Any CPU
		{CE54BB68-B790-47F4-8412-58C2BAC900BD}.Release|Any CPU.Build.0 = Release|Any CPU
		{73B7CEF9-1843-4EFB-B9BF-E2A0492613A8}.Debug|Any CPU.ActiveCfg = Debug|Any CPU
		{73B7CEF9-1843-4EFB-B9BF-E2A0492613A8}.Debug|Any CPU.Build.0 = Debug|Any CPU
		{73B7CEF9-1843-4EFB-B9BF-E2A0492613A8}.Dev|Any CPU.ActiveCfg = Dev|Any CPU
		{73B7CEF9-1843-4EFB-B9BF-E2A0492613A8}.Dev|Any CPU.Build.0 = Dev|Any CPU
		{73B7CEF9-1843-4EFB-B9BF-E2A0492613A8}.Release|Any CPU.ActiveCfg = Release|Any CPU
		{73B7CEF9-1843-4EFB-B9BF-E2A0492613A8}.Release|Any CPU.Build.0 = Release|Any CPU
		{CDA78D62-7210-45CA-B3E5-9F6A5DEA5734}.Debug|Any CPU.ActiveCfg = Debug|Any CPU
		{CDA78D62-7210-45CA-B3E5-9F6A5DEA5734}.Debug|Any CPU.Build.0 = Debug|Any CPU
		{CDA78D62-7210-45CA-B3E5-9F6A5DEA5734}.Dev|Any CPU.ActiveCfg = Dev|Any CPU
		{CDA78D62-7210-45CA-B3E5-9F6A5DEA5734}.Dev|Any CPU.Build.0 = Dev|Any CPU
		{CDA78D62-7210-45CA-B3E5-9F6A5DEA5734}.Release|Any CPU.ActiveCfg = Release|Any CPU
		{CDA78D62-7210-45CA-B3E5-9F6A5DEA5734}.Release|Any CPU.Build.0 = Release|Any CPU
		{8570183B-9D7A-408D-9EA6-F86F59B05A10}.Debug|Any CPU.ActiveCfg = Debug|Any CPU
		{8570183B-9D7A-408D-9EA6-F86F59B05A10}.Debug|Any CPU.Build.0 = Debug|Any CPU
		{8570183B-9D7A-408D-9EA6-F86F59B05A10}.Dev|Any CPU.ActiveCfg = Dev|Any CPU
		{8570183B-9D7A-408D-9EA6-F86F59B05A10}.Dev|Any CPU.Build.0 = Dev|Any CPU
		{8570183B-9D7A-408D-9EA6-F86F59B05A10}.Release|Any CPU.ActiveCfg = Release|Any CPU
		{8570183B-9D7A-408D-9EA6-F86F59B05A10}.Release|Any CPU.Build.0 = Release|Any CPU
		{EB599E35-73C7-4FD7-BA38-BE6FB6E60C8E}.Debug|Any CPU.ActiveCfg = Debug|Any CPU
		{EB599E35-73C7-4FD7-BA38-BE6FB6E60C8E}.Debug|Any CPU.Build.0 = Debug|Any CPU
		{EB599E35-73C7-4FD7-BA38-BE6FB6E60C8E}.Dev|Any CPU.ActiveCfg = Dev|Any CPU
		{EB599E35-73C7-4FD7-BA38-BE6FB6E60C8E}.Dev|Any CPU.Build.0 = Dev|Any CPU
		{EB599E35-73C7-4FD7-BA38-BE6FB6E60C8E}.Release|Any CPU.ActiveCfg = Release|Any CPU
		{EB599E35-73C7-4FD7-BA38-BE6FB6E60C8E}.Release|Any CPU.Build.0 = Release|Any CPU
		{D51F7D60-421C-44B2-9422-2610066CB82D}.Debug|Any CPU.ActiveCfg = Debug|Any CPU
		{D51F7D60-421C-44B2-9422-2610066CB82D}.Debug|Any CPU.Build.0 = Debug|Any CPU
		{D51F7D60-421C-44B2-9422-2610066CB82D}.Dev|Any CPU.ActiveCfg = Dev|Any CPU
		{D51F7D60-421C-44B2-9422-2610066CB82D}.Dev|Any CPU.Build.0 = Dev|Any CPU
		{D51F7D60-421C-44B2-9422-2610066CB82D}.Release|Any CPU.ActiveCfg = Release|Any CPU
		{D51F7D60-421C-44B2-9422-2610066CB82D}.Release|Any CPU.Build.0 = Release|Any CPU
		{5054FE58-791D-41EA-9ED9-911788A7E631}.Debug|Any CPU.ActiveCfg = Debug|Any CPU
		{5054FE58-791D-41EA-9ED9-911788A7E631}.Debug|Any CPU.Build.0 = Debug|Any CPU
		{5054FE58-791D-41EA-9ED9-911788A7E631}.Dev|Any CPU.ActiveCfg = Dev|Any CPU
		{5054FE58-791D-41EA-9ED9-911788A7E631}.Dev|Any CPU.Build.0 = Dev|Any CPU
		{5054FE58-791D-41EA-9ED9-911788A7E631}.Release|Any CPU.ActiveCfg = Release|Any CPU
		{5054FE58-791D-41EA-9ED9-911788A7E631}.Release|Any CPU.Build.0 = Release|Any CPU
		{2E08E0AF-0E51-47CA-947B-4C66086FA030}.Debug|Any CPU.ActiveCfg = Debug|Any CPU
		{2E08E0AF-0E51-47CA-947B-4C66086FA030}.Debug|Any CPU.Build.0 = Debug|Any CPU
		{2E08E0AF-0E51-47CA-947B-4C66086FA030}.Dev|Any CPU.ActiveCfg = Dev|Any CPU
		{2E08E0AF-0E51-47CA-947B-4C66086FA030}.Dev|Any CPU.Build.0 = Dev|Any CPU
		{2E08E0AF-0E51-47CA-947B-4C66086FA030}.Release|Any CPU.ActiveCfg = Release|Any CPU
		{2E08E0AF-0E51-47CA-947B-4C66086FA030}.Release|Any CPU.Build.0 = Release|Any CPU
		{69B10B02-22CF-47D6-B5F3-8A5FFB7DC771}.Debug|Any CPU.ActiveCfg = Debug|Any CPU
		{69B10B02-22CF-47D6-B5F3-8A5FFB7DC771}.Debug|Any CPU.Build.0 = Debug|Any CPU
		{69B10B02-22CF-47D6-B5F3-8A5FFB7DC771}.Dev|Any CPU.ActiveCfg = Dev|Any CPU
		{69B10B02-22CF-47D6-B5F3-8A5FFB7DC771}.Dev|Any CPU.Build.0 = Dev|Any CPU
		{69B10B02-22CF-47D6-B5F3-8A5FFB7DC771}.Release|Any CPU.ActiveCfg = Release|Any CPU
		{69B10B02-22CF-47D6-B5F3-8A5FFB7DC771}.Release|Any CPU.Build.0 = Release|Any CPU
		{5D3361F8-F50B-415F-826A-724DCDAA4A89}.Debug|Any CPU.ActiveCfg = Debug|Any CPU
		{5D3361F8-F50B-415F-826A-724DCDAA4A89}.Debug|Any CPU.Build.0 = Debug|Any CPU
		{5D3361F8-F50B-415F-826A-724DCDAA4A89}.Dev|Any CPU.ActiveCfg = Dev|Any CPU
		{5D3361F8-F50B-415F-826A-724DCDAA4A89}.Dev|Any CPU.Build.0 = Dev|Any CPU
		{5D3361F8-F50B-415F-826A-724DCDAA4A89}.Release|Any CPU.ActiveCfg = Release|Any CPU
		{5D3361F8-F50B-415F-826A-724DCDAA4A89}.Release|Any CPU.Build.0 = Release|Any CPU
		{69966098-E5B2-46CD-88E9-1F79B245ADE0}.Debug|Any CPU.ActiveCfg = Debug|Any CPU
		{69966098-E5B2-46CD-88E9-1F79B245ADE0}.Debug|Any CPU.Build.0 = Debug|Any CPU
		{69966098-E5B2-46CD-88E9-1F79B245ADE0}.Dev|Any CPU.ActiveCfg = Dev|Any CPU
		{69966098-E5B2-46CD-88E9-1F79B245ADE0}.Dev|Any CPU.Build.0 = Dev|Any CPU
		{69966098-E5B2-46CD-88E9-1F79B245ADE0}.Release|Any CPU.ActiveCfg = Release|Any CPU
		{69966098-E5B2-46CD-88E9-1F79B245ADE0}.Release|Any CPU.Build.0 = Release|Any CPU
		{A6A4AB27-2B67-4E8D-BAA6-2FDBB8366CCE}.Debug|Any CPU.ActiveCfg = Debug|Any CPU
		{A6A4AB27-2B67-4E8D-BAA6-2FDBB8366CCE}.Debug|Any CPU.Build.0 = Debug|Any CPU
		{A6A4AB27-2B67-4E8D-BAA6-2FDBB8366CCE}.Dev|Any CPU.ActiveCfg = Dev|Any CPU
		{A6A4AB27-2B67-4E8D-BAA6-2FDBB8366CCE}.Dev|Any CPU.Build.0 = Dev|Any CPU
		{A6A4AB27-2B67-4E8D-BAA6-2FDBB8366CCE}.Release|Any CPU.ActiveCfg = Release|Any CPU
		{A6A4AB27-2B67-4E8D-BAA6-2FDBB8366CCE}.Release|Any CPU.Build.0 = Release|Any CPU
		{A1F48412-495A-434C-BDD0-E70AEDAD6897}.Debug|Any CPU.ActiveCfg = Debug|Any CPU
		{A1F48412-495A-434C-BDD0-E70AEDAD6897}.Debug|Any CPU.Build.0 = Debug|Any CPU
		{A1F48412-495A-434C-BDD0-E70AEDAD6897}.Dev|Any CPU.ActiveCfg = Dev|Any CPU
		{A1F48412-495A-434C-BDD0-E70AEDAD6897}.Dev|Any CPU.Build.0 = Dev|Any CPU
		{A1F48412-495A-434C-BDD0-E70AEDAD6897}.Release|Any CPU.ActiveCfg = Release|Any CPU
		{A1F48412-495A-434C-BDD0-E70AEDAD6897}.Release|Any CPU.Build.0 = Release|Any CPU
		{EE0CE0F5-BAF8-4AA9-83E8-84881CDABFB1}.Debug|Any CPU.ActiveCfg = Debug|Any CPU
		{EE0CE0F5-BAF8-4AA9-83E8-84881CDABFB1}.Debug|Any CPU.Build.0 = Debug|Any CPU
		{EE0CE0F5-BAF8-4AA9-83E8-84881CDABFB1}.Dev|Any CPU.ActiveCfg = Dev|Any CPU
		{EE0CE0F5-BAF8-4AA9-83E8-84881CDABFB1}.Dev|Any CPU.Build.0 = Dev|Any CPU
		{EE0CE0F5-BAF8-4AA9-83E8-84881CDABFB1}.Release|Any CPU.ActiveCfg = Release|Any CPU
		{EE0CE0F5-BAF8-4AA9-83E8-84881CDABFB1}.Release|Any CPU.Build.0 = Release|Any CPU
		{1A12AF9D-5BD6-455E-924E-54E686A2F270}.Debug|Any CPU.ActiveCfg = Debug|Any CPU
		{1A12AF9D-5BD6-455E-924E-54E686A2F270}.Debug|Any CPU.Build.0 = Debug|Any CPU
		{1A12AF9D-5BD6-455E-924E-54E686A2F270}.Dev|Any CPU.ActiveCfg = Dev|Any CPU
		{1A12AF9D-5BD6-455E-924E-54E686A2F270}.Dev|Any CPU.Build.0 = Dev|Any CPU
		{1A12AF9D-5BD6-455E-924E-54E686A2F270}.Release|Any CPU.ActiveCfg = Release|Any CPU
		{1A12AF9D-5BD6-455E-924E-54E686A2F270}.Release|Any CPU.Build.0 = Release|Any CPU
		{2AE356DA-FCD4-4601-A533-85042648D7F8}.Debug|Any CPU.ActiveCfg = Debug|Any CPU
		{2AE356DA-FCD4-4601-A533-85042648D7F8}.Debug|Any CPU.Build.0 = Debug|Any CPU
		{2AE356DA-FCD4-4601-A533-85042648D7F8}.Dev|Any CPU.ActiveCfg = Dev|Any CPU
		{2AE356DA-FCD4-4601-A533-85042648D7F8}.Dev|Any CPU.Build.0 = Dev|Any CPU
		{2AE356DA-FCD4-4601-A533-85042648D7F8}.Release|Any CPU.ActiveCfg = Release|Any CPU
		{2AE356DA-FCD4-4601-A533-85042648D7F8}.Release|Any CPU.Build.0 = Release|Any CPU
		{A9EA934C-99DB-495A-B654-888886DC23AA}.Debug|Any CPU.ActiveCfg = Debug|Any CPU
		{A9EA934C-99DB-495A-B654-888886DC23AA}.Debug|Any CPU.Build.0 = Debug|Any CPU
		{A9EA934C-99DB-495A-B654-888886DC23AA}.Dev|Any CPU.ActiveCfg = Dev|Any CPU
		{A9EA934C-99DB-495A-B654-888886DC23AA}.Dev|Any CPU.Build.0 = Dev|Any CPU
		{A9EA934C-99DB-495A-B654-888886DC23AA}.Release|Any CPU.ActiveCfg = Release|Any CPU
		{A9EA934C-99DB-495A-B654-888886DC23AA}.Release|Any CPU.Build.0 = Release|Any CPU
		{8EB6D313-B16D-4F4C-9187-F58BFE5292CB}.Debug|Any CPU.ActiveCfg = Debug|Any CPU
		{8EB6D313-B16D-4F4C-9187-F58BFE5292CB}.Debug|Any CPU.Build.0 = Debug|Any CPU
		{8EB6D313-B16D-4F4C-9187-F58BFE5292CB}.Dev|Any CPU.ActiveCfg = Dev|Any CPU
		{8EB6D313-B16D-4F4C-9187-F58BFE5292CB}.Dev|Any CPU.Build.0 = Dev|Any CPU
		{8EB6D313-B16D-4F4C-9187-F58BFE5292CB}.Release|Any CPU.ActiveCfg = Release|Any CPU
		{8EB6D313-B16D-4F4C-9187-F58BFE5292CB}.Release|Any CPU.Build.0 = Release|Any CPU
		{757DED16-A6CC-4686-B9AF-496A409F5A47}.Debug|Any CPU.ActiveCfg = Debug|Any CPU
		{757DED16-A6CC-4686-B9AF-496A409F5A47}.Debug|Any CPU.Build.0 = Debug|Any CPU
		{757DED16-A6CC-4686-B9AF-496A409F5A47}.Dev|Any CPU.ActiveCfg = Dev|Any CPU
		{757DED16-A6CC-4686-B9AF-496A409F5A47}.Dev|Any CPU.Build.0 = Dev|Any CPU
		{757DED16-A6CC-4686-B9AF-496A409F5A47}.Release|Any CPU.ActiveCfg = Release|Any CPU
		{757DED16-A6CC-4686-B9AF-496A409F5A47}.Release|Any CPU.Build.0 = Release|Any CPU
		{1E19D588-2F3D-4CFE-A377-E21D3D6A1BB4}.Debug|Any CPU.ActiveCfg = Debug|Any CPU
		{1E19D588-2F3D-4CFE-A377-E21D3D6A1BB4}.Debug|Any CPU.Build.0 = Debug|Any CPU
		{1E19D588-2F3D-4CFE-A377-E21D3D6A1BB4}.Dev|Any CPU.ActiveCfg = Dev|Any CPU
		{1E19D588-2F3D-4CFE-A377-E21D3D6A1BB4}.Dev|Any CPU.Build.0 = Dev|Any CPU
		{1E19D588-2F3D-4CFE-A377-E21D3D6A1BB4}.Release|Any CPU.ActiveCfg = Release|Any CPU
		{1E19D588-2F3D-4CFE-A377-E21D3D6A1BB4}.Release|Any CPU.Build.0 = Release|Any CPU
		{A7DE52AC-62E7-43F0-8F73-047728EB5AF2}.Debug|Any CPU.ActiveCfg = Debug|Any CPU
		{A7DE52AC-62E7-43F0-8F73-047728EB5AF2}.Debug|Any CPU.Build.0 = Debug|Any CPU
		{A7DE52AC-62E7-43F0-8F73-047728EB5AF2}.Dev|Any CPU.ActiveCfg = Dev|Any CPU
		{A7DE52AC-62E7-43F0-8F73-047728EB5AF2}.Dev|Any CPU.Build.0 = Dev|Any CPU
		{A7DE52AC-62E7-43F0-8F73-047728EB5AF2}.Release|Any CPU.ActiveCfg = Release|Any CPU
		{A7DE52AC-62E7-43F0-8F73-047728EB5AF2}.Release|Any CPU.Build.0 = Release|Any CPU
		{44659A90-F81E-4007-8729-C37F4F650A81}.Debug|Any CPU.ActiveCfg = Debug|Any CPU
		{44659A90-F81E-4007-8729-C37F4F650A81}.Debug|Any CPU.Build.0 = Debug|Any CPU
		{44659A90-F81E-4007-8729-C37F4F650A81}.Dev|Any CPU.ActiveCfg = Dev|Any CPU
		{44659A90-F81E-4007-8729-C37F4F650A81}.Dev|Any CPU.Build.0 = Dev|Any CPU
		{44659A90-F81E-4007-8729-C37F4F650A81}.Release|Any CPU.ActiveCfg = Release|Any CPU
		{44659A90-F81E-4007-8729-C37F4F650A81}.Release|Any CPU.Build.0 = Release|Any CPU
		{7D684E33-0AA6-44F8-BCFE-A82B70BD48BC}.Debug|Any CPU.ActiveCfg = Debug|Any CPU
		{7D684E33-0AA6-44F8-BCFE-A82B70BD48BC}.Debug|Any CPU.Build.0 = Debug|Any CPU
		{7D684E33-0AA6-44F8-BCFE-A82B70BD48BC}.Dev|Any CPU.ActiveCfg = Debug|Any CPU
		{7D684E33-0AA6-44F8-BCFE-A82B70BD48BC}.Dev|Any CPU.Build.0 = Debug|Any CPU
		{7D684E33-0AA6-44F8-BCFE-A82B70BD48BC}.Release|Any CPU.ActiveCfg = Release|Any CPU
		{7D684E33-0AA6-44F8-BCFE-A82B70BD48BC}.Release|Any CPU.Build.0 = Release|Any CPU
		{91080721-1B4B-49E6-BB1B-3684268D12DD}.Debug|Any CPU.ActiveCfg = Debug|Any CPU
		{91080721-1B4B-49E6-BB1B-3684268D12DD}.Debug|Any CPU.Build.0 = Debug|Any CPU
		{91080721-1B4B-49E6-BB1B-3684268D12DD}.Dev|Any CPU.ActiveCfg = Debug|Any CPU
		{91080721-1B4B-49E6-BB1B-3684268D12DD}.Dev|Any CPU.Build.0 = Debug|Any CPU
		{91080721-1B4B-49E6-BB1B-3684268D12DD}.Release|Any CPU.ActiveCfg = Release|Any CPU
		{91080721-1B4B-49E6-BB1B-3684268D12DD}.Release|Any CPU.Build.0 = Release|Any CPU
		{A89A7071-F099-4730-9876-7B1FDADF1412}.Debug|Any CPU.ActiveCfg = Debug|Any CPU
		{A89A7071-F099-4730-9876-7B1FDADF1412}.Debug|Any CPU.Build.0 = Debug|Any CPU
		{A89A7071-F099-4730-9876-7B1FDADF1412}.Dev|Any CPU.ActiveCfg = Debug|Any CPU
		{A89A7071-F099-4730-9876-7B1FDADF1412}.Dev|Any CPU.Build.0 = Debug|Any CPU
		{A89A7071-F099-4730-9876-7B1FDADF1412}.Release|Any CPU.ActiveCfg = Release|Any CPU
		{A89A7071-F099-4730-9876-7B1FDADF1412}.Release|Any CPU.Build.0 = Release|Any CPU
	EndGlobalSection
	GlobalSection(SolutionProperties) = preSolution
		HideSolutionNode = FALSE
	EndGlobalSection
	GlobalSection(NestedProjects) = preSolution
		{341CA732-D483-4487-923E-27ED2A6E9A4F} = {699277CE-89E7-4F00-A8BF-96A8450529E9}
		{C2EF4F1B-A694-4E52-935C-7872F6CAD37C} = {93034417-0AAA-4E72-84EA-767DB4EF5283}
		{1807194C-9E25-4365-B3BE-FE1DF627612B} = {699277CE-89E7-4F00-A8BF-96A8450529E9}
		{8C4BF453-24EF-46F3-B947-31505FB905DE} = {699277CE-89E7-4F00-A8BF-96A8450529E9}
		{01CC0B02-529E-4D5F-B345-0B92F6920854} = {9DAC057C-7607-48F0-B961-70BAAF4C368A}
		{7F714D0B-CE81-4DD7-B6B2-62080FE22CD8} = {BCDBCB6C-55D6-40E7-83FB-9A678E203A9E}
		{93EC1D66-2CE1-4682-AC09-C8C40178A9AD} = {BCDBCB6C-55D6-40E7-83FB-9A678E203A9E}
		{F4AD07BC-B932-4D09-82D8-9800C9260B33} = {9DAC057C-7607-48F0-B961-70BAAF4C368A}
		{1D0C9F0C-5A84-453B-BB49-A8CD86FFAE7A} = {BCDBCB6C-55D6-40E7-83FB-9A678E203A9E}
		{CE54BB68-B790-47F4-8412-58C2BAC900BD} = {BCDBCB6C-55D6-40E7-83FB-9A678E203A9E}
		{73B7CEF9-1843-4EFB-B9BF-E2A0492613A8} = {9DAC057C-7607-48F0-B961-70BAAF4C368A}
		{CDA78D62-7210-45CA-B3E5-9F6A5DEA5734} = {BCDBCB6C-55D6-40E7-83FB-9A678E203A9E}
		{8570183B-9D7A-408D-9EA6-F86F59B05A10} = {BCDBCB6C-55D6-40E7-83FB-9A678E203A9E}
		{EB599E35-73C7-4FD7-BA38-BE6FB6E60C8E} = {B0824D7E-8597-4CC2-AEB2-EED1CDBFD007}
		{D51F7D60-421C-44B2-9422-2610066CB82D} = {B0824D7E-8597-4CC2-AEB2-EED1CDBFD007}
		{5054FE58-791D-41EA-9ED9-911788A7E631} = {9DAC057C-7607-48F0-B961-70BAAF4C368A}
		{2E08E0AF-0E51-47CA-947B-4C66086FA030} = {93034417-0AAA-4E72-84EA-767DB4EF5283}
		{5D3361F8-F50B-415F-826A-724DCDAA4A89} = {BCDBCB6C-55D6-40E7-83FB-9A678E203A9E}
		{69966098-E5B2-46CD-88E9-1F79B245ADE0} = {BCDBCB6C-55D6-40E7-83FB-9A678E203A9E}
		{A6A4AB27-2B67-4E8D-BAA6-2FDBB8366CCE} = {9DAC057C-7607-48F0-B961-70BAAF4C368A}
		{A1F48412-495A-434C-BDD0-E70AEDAD6897} = {BCDBCB6C-55D6-40E7-83FB-9A678E203A9E}
		{EE0CE0F5-BAF8-4AA9-83E8-84881CDABFB1} = {9DAC057C-7607-48F0-B961-70BAAF4C368A}
		{1A12AF9D-5BD6-455E-924E-54E686A2F270} = {9DAC057C-7607-48F0-B961-70BAAF4C368A}
		{2AE356DA-FCD4-4601-A533-85042648D7F8} = {B0824D7E-8597-4CC2-AEB2-EED1CDBFD007}
		{A9EA934C-99DB-495A-B654-888886DC23AA} = {B0824D7E-8597-4CC2-AEB2-EED1CDBFD007}
		{8EB6D313-B16D-4F4C-9187-F58BFE5292CB} = {9DAC057C-7607-48F0-B961-70BAAF4C368A}
		{757DED16-A6CC-4686-B9AF-496A409F5A47} = {9DAC057C-7607-48F0-B961-70BAAF4C368A}
		{1E19D588-2F3D-4CFE-A377-E21D3D6A1BB4} = {9DAC057C-7607-48F0-B961-70BAAF4C368A}
		{A7DE52AC-62E7-43F0-8F73-047728EB5AF2} = {C2202A63-6CAA-49DA-B60B-FB855F8AB1EC}
		{44659A90-F81E-4007-8729-C37F4F650A81} = {C2202A63-6CAA-49DA-B60B-FB855F8AB1EC}
		{7D684E33-0AA6-44F8-BCFE-A82B70BD48BC} = {699277CE-89E7-4F00-A8BF-96A8450529E9}
		{91080721-1B4B-49E6-BB1B-3684268D12DD} = {BCDBCB6C-55D6-40E7-83FB-9A678E203A9E}
	EndGlobalSection
	GlobalSection(ExtensibilityGlobals) = postSolution
		SolutionGuid = {B5311A49-0404-4F3C-8303-22F50BEE9DFD}
	EndGlobalSection
EndGlobal
